{
  "name": "ak-searchbar",
  "version": "1.0.0",
  "lockfileVersion": 1,
  "requires": true,
  "dependencies": {
    "weixin-js-sdk": {
      "version": "1.6.0",
      "resolved": "https://registry.npm.taobao.org/weixin-js-sdk/download/weixin-js-sdk-1.6.0.tgz",
      "integrity": "sha1-/1BITYEYzhII8RJIz0ocCDFXdRQ="
    }
  }
}
